
Microsoft Visual Studio Solution File, Format Version 12.00
# Visual Studio Version 17
VisualStudioVersion = 17.11.35222.181
MinimumVisualStudioVersion = 10.0.40219.1
Project("{9A19103F-16F7-4668-BE54-9A1E7A4F7556}") = "ProjectApp", "ProjectApp.csproj", "{ED4E60D0-46BB-4DB0-A011-8901B07A92E2}"
EndProject
Global
	GlobalSection(SolutionConfigurationPlatforms) = preSolution
		Debug|Any CPU = Debug|Any CPU
		Release|Any CPU = Release|Any CPU
	EndGlobalSection
	GlobalSection(ProjectConfigurationPlatforms) = postSolution
		{ED4E60D0-46BB-4DB0-A011-8901B07A92E2}.Debug|Any CPU.ActiveCfg = Debug|Any CPU
		{ED4E60D0-46BB-4DB0-A011-8901B07A92E2}.Debug|Any CPU.Build.0 = Debug|Any CPU
		{ED4E60D0-46BB-4DB0-A011-8901B07A92E2}.Release|Any CPU.ActiveCfg = Release|Any CPU
		{ED4E60D0-46BB-4DB0-A011-8901B07A92E2}.Release|Any CPU.Build.0 = Release|Any CPU
	EndGlobalSection
	GlobalSection(SolutionProperties) = preSolution
		HideSolutionNode = FALSE
	EndGlobalSection
	GlobalSection(ExtensibilityGlobals) = postSolution
		SolutionGuid = {EA2889BE-3FB1-4AA8-950D-8E0088E3A4D8}
	EndGlobalSection
EndGlobal
